
Microsoft Visual Studio Solution File, Format Version 12.00
# Visual Studio Version 17
VisualStudioVersion = 17.7.34221.43
MinimumVisualStudioVersion = 10.0.40219.1
Project("{FAE04EC0-301F-11D3-BF4B-00C04F79EFBC}") = "ParallelFileSearcher", "ParallelFileSearcher.csproj", "{F6A3EAA5-1DDD-4AA2-BD34-470E3F007B0E}"
EndProject
Global
	GlobalSection(SolutionConfigurationPlatforms) = preSolution
		Debug|Any CPU = Debug|Any CPU
		Release|Any CPU = Release|Any CPU
	EndGlobalSection
	GlobalSection(ProjectConfigurationPlatforms) = postSolution
		{F6A3EAA5-1DDD-4AA2-BD34-470E3F007B0E}.Debug|Any CPU.ActiveCfg = Debug|Any CPU
		{F6A3EAA5-1DDD-4AA2-BD34-470E3F007B0E}.Debug|Any CPU.Build.0 = Debug|Any CPU
		{F6A3EAA5-1DDD-4AA2-BD34-470E3F007B0E}.Release|Any CPU.ActiveCfg = Release|Any CPU
		{F6A3EAA5-1DDD-4AA2-BD34-470E3F007B0E}.Release|Any CPU.Build.0 = Release|Any CPU
	EndGlobalSection
	GlobalSection(SolutionProperties) = preSolution
		HideSolutionNode = FALSE
	EndGlobalSection
	GlobalSection(ExtensibilityGlobals) = postSolution
		SolutionGuid = {D9AA073A-EFB2-459E-917D-A6F9150480A4}
	EndGlobalSection
EndGlobal
